
Microsoft Visual Studio Solution File, Format Version 12.00
# Visual Studio Version 16
VisualStudioVersion = 16.0.31402.337
MinimumVisualStudioVersion = 10.0.40219.1
Project("{FAE04EC0-301F-11D3-BF4B-00C04F79EFBC}") = "Assembly-CSharp", "Assembly-CSharp.csproj", "{395B212D-8613-DC8F-94FC-509395120591}"
EndProject
Project("{FAE04EC0-301F-11D3-BF4B-00C04F79EFBC}") = "FMODUnity", "FMODUnity.csproj", "{5CF15C92-265E-A523-B4CE-A0A3BBC88B1F}"
EndProject
Project("{FAE04EC0-301F-11D3-BF4B-00C04F79EFBC}") = "Assembly-CSharp-firstpass", "Assembly-CSharp-firstpass.csproj", "{77ED98DE-88F7-3871-919C-AD822EC2032F}"
EndProject
Project("{FAE04EC0-301F-11D3-BF4B-00C04F79EFBC}") = "FMODUnityResonance", "FMODUnityResonance.csproj", "{54912B03-CBD3-6B3F-9CA7-9EAA082DCCAA}"
EndProject
Project("{FAE04EC0-301F-11D3-BF4B-00C04F79EFBC}") = "FMODUnityEditor", "FMODUnityEditor.csproj", "{78CAAA61-88C3-B605-E77E-1EA3903E9905}"
EndProject
Project("{FAE04EC0-301F-11D3-BF4B-00C04F79EFBC}") = "FMODUnityResonanceEditor", "FMODUnityResonanceEditor.csproj", "{9F61DB18-E142-5A3A-C0CC-AE24E9EDA080}"
EndProject
Project("{FAE04EC0-301F-11D3-BF4B-00C04F79EFBC}") = "Assembly-CSharp-Editor", "Assembly-CSharp-Editor.csproj", "{a6ef3848-3ea9-24c4-037c-403845d76a91}"
EndProject
Global
	GlobalSection(SolutionConfigurationPlatforms) = preSolution
		Debug|Any CPU = Debug|Any CPU
	EndGlobalSection
	GlobalSection(ProjectConfigurationPlatforms) = postSolution
		{2d215b39-1386-8fdc-94fc-509395120591}.Debug|Any CPU.ActiveCfg = Debug|Any CPU
		{2d215b39-1386-8fdc-94fc-509395120591}.Debug|Any CPU.Build.0 = Debug|Any CPU
		{925cf15c-5e26-23a5-b4ce-a0a3bbc88b1f}.Debug|Any CPU.ActiveCfg = Debug|Any CPU
		{925cf15c-5e26-23a5-b4ce-a0a3bbc88b1f}.Debug|Any CPU.Build.0 = Debug|Any CPU
		{de98ed77-f788-7138-919c-ad822ec2032f}.Debug|Any CPU.ActiveCfg = Debug|Any CPU
		{de98ed77-f788-7138-919c-ad822ec2032f}.Debug|Any CPU.Build.0 = Debug|Any CPU
		{032b9154-d3cb-3f6b-9ca7-9eaa082dccaa}.Debug|Any CPU.ActiveCfg = Debug|Any CPU
		{032b9154-d3cb-3f6b-9ca7-9eaa082dccaa}.Debug|Any CPU.Build.0 = Debug|Any CPU
		{61aaca78-c388-05b6-e77e-1ea3903e9905}.Debug|Any CPU.ActiveCfg = Debug|Any CPU
		{61aaca78-c388-05b6-e77e-1ea3903e9905}.Debug|Any CPU.Build.0 = Debug|Any CPU
		{18db619f-42e1-3a5a-c0cc-ae24e9eda080}.Debug|Any CPU.ActiveCfg = Debug|Any CPU
		{18db619f-42e1-3a5a-c0cc-ae24e9eda080}.Debug|Any CPU.Build.0 = Debug|Any CPU
		{a6ef3848-3ea9-24c4-037c-403845d76a91}.Debug|Any CPU.ActiveCfg = Debug|Any CPU
		{a6ef3848-3ea9-24c4-037c-403845d76a91}.Debug|Any CPU.Build.0 = Debug|Any CPU
	EndGlobalSection
	GlobalSection(SolutionProperties) = preSolution
		HideSolutionNode = FALSE
	EndGlobalSection
	GlobalSection(ExtensibilityGlobals) = postSolution
		SolutionGuid = {727155BB-E216-46CC-95F9-2968A1300454}
	EndGlobalSection
EndGlobal
