
Microsoft Visual Studio Solution File, Format Version 12.00
# Visual Studio 15
Project("{FAE04EC0-301F-11D3-BF4B-00C04F79EFBC}") = "UnityEngine.TestRunner", "UnityEngine.TestRunner.csproj", "{91B3ED75-3D90-194A-AF7E-F01BE2BC1F39}"
EndProject
Project("{FAE04EC0-301F-11D3-BF4B-00C04F79EFBC}") = "Unity.Services.Core.Telemetry", "Unity.Services.Core.Telemetry.csproj", "{E718EC02-194C-2425-BFDF-AC15CA667A1E}"
EndProject
Project("{FAE04EC0-301F-11D3-BF4B-00C04F79EFBC}") = "Unity.InputSystem", "Unity.InputSystem.csproj", "{91632A56-4F62-48BD-782C-A139C6EFE533}"
EndProject
Project("{FAE04EC0-301F-11D3-BF4B-00C04F79EFBC}") = "Unity.VisualScripting.State", "Unity.VisualScripting.State.csproj", "{004A7422-0CA5-6797-FFF1-E4AB4A42517C}"
EndProject
Project("{FAE04EC0-301F-11D3-BF4B-00C04F79EFBC}") = "Unity.Postprocessing.Runtime", "Unity.Postprocessing.Runtime.csproj", "{D1CE4BAC-2DFD-43B1-42F0-E1ED8F112DE5}"
EndProject
Project("{FAE04EC0-301F-11D3-BF4B-00C04F79EFBC}") = "Unity.VisualScripting.Flow", "Unity.VisualScripting.Flow.csproj", "{B4E94241-8226-6623-CCB1-1E2D2074015E}"
EndProject
Project("{FAE04EC0-301F-11D3-BF4B-00C04F79EFBC}") = "Unity.VisualScripting.Core", "Unity.VisualScripting.Core.csproj", "{29D635E7-89D9-7FD8-5534-5798042938A6}"
EndProject
Project("{FAE04EC0-301F-11D3-BF4B-00C04F79EFBC}") = "Unity.Services.Core.Environments.Internal", "Unity.Services.Core.Environments.Internal.csproj", "{F56F84D3-B406-8EE2-BD17-434C932D8D39}"
EndProject
Project("{FAE04EC0-301F-11D3-BF4B-00C04F79EFBC}") = "FMODUnity", "FMODUnity.csproj", "{5CF15C92-265E-A523-B4CE-A0A3BBC88B1F}"
EndProject
Project("{FAE04EC0-301F-11D3-BF4B-00C04F79EFBC}") = "Unity.TextMeshPro", "Unity.TextMeshPro.csproj", "{4796588C-6B5D-73A4-291C-CE16ECD162E8}"
EndProject
Project("{FAE04EC0-301F-11D3-BF4B-00C04F79EFBC}") = "Unity.Burst", "Unity.Burst.csproj", "{3E652318-28F5-80A8-E233-8BAE849E2F61}"
EndProject
Project("{FAE04EC0-301F-11D3-BF4B-00C04F79EFBC}") = "Cinemachine", "Cinemachine.csproj", "{D4532547-400E-9B4C-556E-DBFFC1F84BC7}"
EndProject
Project("{FAE04EC0-301F-11D3-BF4B-00C04F79EFBC}") = "Unity.Services.Core.Environments", "Unity.Services.Core.Environments.csproj", "{D7360340-8328-ED4E-01E3-453E2124B38E}"
EndProject
Project("{FAE04EC0-301F-11D3-BF4B-00C04F79EFBC}") = "Unity.Services.Core.Internal", "Unity.Services.Core.Internal.csproj", "{B06622E5-826A-B683-9B77-8ACFF3EF500D}"
EndProject
Project("{FAE04EC0-301F-11D3-BF4B-00C04F79EFBC}") = "Unity.Timeline", "Unity.Timeline.csproj", "{BC071133-3854-221C-ED20-58E4EC0E5D88}"
EndProject
Project("{FAE04EC0-301F-11D3-BF4B-00C04F79EFBC}") = "Unity.Mathematics", "Unity.Mathematics.csproj", "{335F1C68-C610-DBF7-32DF-DE8ABC313ABD}"
EndProject
Project("{FAE04EC0-301F-11D3-BF4B-00C04F79EFBC}") = "Unity.Services.Core.Scheduler", "Unity.Services.Core.Scheduler.csproj", "{53DB06D8-9974-D2A3-C630-2E6082C9AED3}"
EndProject
Project("{FAE04EC0-301F-11D3-BF4B-00C04F79EFBC}") = "Unity.Services.Core.Device", "Unity.Services.Core.Device.csproj", "{B29626FE-210D-BF07-2F3E-39F5DF7F709C}"
EndProject
Project("{FAE04EC0-301F-11D3-BF4B-00C04F79EFBC}") = "Unity.Services.Core.Analytics", "Unity.Services.Core.Analytics.csproj", "{6916DF73-67FB-D954-215A-3D8D8B4FABAA}"
EndProject
Project("{FAE04EC0-301F-11D3-BF4B-00C04F79EFBC}") = "Assembly-CSharp-firstpass", "Assembly-CSharp-firstpass.csproj", "{77ED98DE-88F7-3871-919C-AD822EC2032F}"
EndProject
Project("{FAE04EC0-301F-11D3-BF4B-00C04F79EFBC}") = "Assembly-CSharp", "Assembly-CSharp.csproj", "{395B212D-8613-DC8F-94FC-509395120591}"
EndProject
Project("{FAE04EC0-301F-11D3-BF4B-00C04F79EFBC}") = "Unity.Services.Core.Threading", "Unity.Services.Core.Threading.csproj", "{17CFBEBA-8917-7878-C18B-19F60DC113F0}"
EndProject
Project("{FAE04EC0-301F-11D3-BF4B-00C04F79EFBC}") = "Unity.Services.Core.Configuration", "Unity.Services.Core.Configuration.csproj", "{A2F11120-2F4F-5EB2-330D-75C6E0AA2D20}"
EndProject
Project("{FAE04EC0-301F-11D3-BF4B-00C04F79EFBC}") = "Unity.Services.Core", "Unity.Services.Core.csproj", "{8840C411-BC1E-9498-E3E3-5B33933745C4}"
EndProject
Project("{FAE04EC0-301F-11D3-BF4B-00C04F79EFBC}") = "Unity.Services.Core.Networking", "Unity.Services.Core.Networking.csproj", "{78C8F173-5707-4D45-A7BF-4EA437EA4EAC}"
EndProject
Project("{FAE04EC0-301F-11D3-BF4B-00C04F79EFBC}") = "Unity.Services.Core.Registration", "Unity.Services.Core.Registration.csproj", "{5F8A83CC-2CF2-BEA2-A41A-7ED0FAAACE2B}"
EndProject
Project("{FAE04EC0-301F-11D3-BF4B-00C04F79EFBC}") = "FMODUnityResonance", "FMODUnityResonance.csproj", "{54912B03-CBD3-6B3F-9CA7-9EAA082DCCAA}"
EndProject
Project("{FAE04EC0-301F-11D3-BF4B-00C04F79EFBC}") = "Unity.PlasticSCM.Editor", "Unity.PlasticSCM.Editor.csproj", "{C8C7595E-050D-6595-7F55-3673441B4571}"
EndProject
Project("{FAE04EC0-301F-11D3-BF4B-00C04F79EFBC}") = "Unity.VisualScripting.Core.Editor", "Unity.VisualScripting.Core.Editor.csproj", "{D4A33FF6-3800-D713-61BC-C3C4DA0B7A98}"
EndProject
Project("{FAE04EC0-301F-11D3-BF4B-00C04F79EFBC}") = "Unity.Timeline.Editor", "Unity.Timeline.Editor.csproj", "{901696EF-43FD-8D79-015D-9151B645C491}"
EndProject
Project("{FAE04EC0-301F-11D3-BF4B-00C04F79EFBC}") = "com.unity.cinemachine.editor", "com.unity.cinemachine.editor.csproj", "{7EF632A9-3537-0760-CD86-B4B85E3C0F3E}"
EndProject
Project("{FAE04EC0-301F-11D3-BF4B-00C04F79EFBC}") = "Unity.TextMeshPro.Editor", "Unity.TextMeshPro.Editor.csproj", "{58A1FC34-2090-435F-4FD6-4B94034F3D0E}"
EndProject
Project("{FAE04EC0-301F-11D3-BF4B-00C04F79EFBC}") = "Unity.VisualScripting.SettingsProvider.Editor", "Unity.VisualScripting.SettingsProvider.Editor.csproj", "{A9B08A92-0C9F-B771-B27A-6C8EF955B1A7}"
EndProject
Project("{FAE04EC0-301F-11D3-BF4B-00C04F79EFBC}") = "UnityEditor.TestRunner", "UnityEditor.TestRunner.csproj", "{0F03862A-378A-7E34-4ECB-ABA60CE513A3}"
EndProject
Project("{FAE04EC0-301F-11D3-BF4B-00C04F79EFBC}") = "Unity.TestTools.CodeCoverage.Editor", "Unity.TestTools.CodeCoverage.Editor.csproj", "{6BF4D660-1128-3539-A9A6-EF1E90A52B23}"
EndProject
Project("{FAE04EC0-301F-11D3-BF4B-00C04F79EFBC}") = "Unity.VisualScripting.Flow.Editor", "Unity.VisualScripting.Flow.Editor.csproj", "{613C1FF7-755A-D7B1-458C-64081CE83785}"
EndProject
Project("{FAE04EC0-301F-11D3-BF4B-00C04F79EFBC}") = "Unity.Rider.Editor", "Unity.Rider.Editor.csproj", "{1F0DE035-36DE-E0D5-3B5D-3FFA4E0A643C}"
EndProject
Project("{FAE04EC0-301F-11D3-BF4B-00C04F79EFBC}") = "Unity.CollabProxy.Editor", "Unity.CollabProxy.Editor.csproj", "{3E614125-3FB2-3518-07D3-12E52C27515B}"
EndProject
Project("{FAE04EC0-301F-11D3-BF4B-00C04F79EFBC}") = "Unity.Performance.Profile-Analyzer.Editor", "Unity.Performance.Profile-Analyzer.Editor.csproj", "{21EDAB30-02C9-7DC6-8B4C-F62BF986D2D9}"
EndProject
Project("{FAE04EC0-301F-11D3-BF4B-00C04F79EFBC}") = "Unity.Services.Core.Editor", "Unity.Services.Core.Editor.csproj", "{23FBB708-8C3C-6299-ADDD-2E1C02E44A53}"
EndProject
Project("{FAE04EC0-301F-11D3-BF4B-00C04F79EFBC}") = "Unity.Postprocessing.Editor", "Unity.Postprocessing.Editor.csproj", "{AA95F469-5D14-3484-2903-5FC88B857274}"
EndProject
Project("{FAE04EC0-301F-11D3-BF4B-00C04F79EFBC}") = "Unity.Burst.CodeGen", "Unity.Burst.CodeGen.csproj", "{DA863C71-428E-4DA5-F40E-EF4463E1DFBD}"
EndProject
Project("{FAE04EC0-301F-11D3-BF4B-00C04F79EFBC}") = "Unity.VSCode.Editor", "Unity.VSCode.Editor.csproj", "{E5EF008E-F653-9804-4C91-F4FB23CF2091}"
EndProject
Project("{FAE04EC0-301F-11D3-BF4B-00C04F79EFBC}") = "Unity.VisualStudio.Editor", "Unity.VisualStudio.Editor.csproj", "{D7D605B5-E7B6-ED8B-E6D6-3CCDB409BB45}"
EndProject
Project("{FAE04EC0-301F-11D3-BF4B-00C04F79EFBC}") = "Unity.TestTools.CodeCoverage.Editor.OpenCover.Model", "Unity.TestTools.CodeCoverage.Editor.OpenCover.Model.csproj", "{B474134E-87D5-16E7-ADA7-58AA8F3BE355}"
EndProject
Project("{FAE04EC0-301F-11D3-BF4B-00C04F79EFBC}") = "FMODUnityEditor", "FMODUnityEditor.csproj", "{78CAAA61-88C3-B605-E77E-1EA3903E9905}"
EndProject
Project("{FAE04EC0-301F-11D3-BF4B-00C04F79EFBC}") = "Unity.Settings.Editor", "Unity.Settings.Editor.csproj", "{63C43C80-8E8B-E71E-CC08-674CAAC8619E}"
EndProject
Project("{FAE04EC0-301F-11D3-BF4B-00C04F79EFBC}") = "Unity.VisualScripting.State.Editor", "Unity.VisualScripting.State.Editor.csproj", "{B815FBC6-750D-91C0-7FE0-2D31679C1A91}"
EndProject
Project("{FAE04EC0-301F-11D3-BF4B-00C04F79EFBC}") = "Unity.Searcher.Editor", "Unity.Searcher.Editor.csproj", "{E9335458-CB59-1635-7E68-3E56F30CA8C0}"
EndProject
Project("{FAE04EC0-301F-11D3-BF4B-00C04F79EFBC}") = "Unity.Services.Core.Configuration.Editor", "Unity.Services.Core.Configuration.Editor.csproj", "{2A9112C3-D7A0-00B1-123D-B4CDA49D36CB}"
EndProject
Project("{FAE04EC0-301F-11D3-BF4B-00C04F79EFBC}") = "Unity.Burst.Editor", "Unity.Burst.Editor.csproj", "{D85403C2-B550-50E3-3156-4670105B2265}"
EndProject
Project("{FAE04EC0-301F-11D3-BF4B-00C04F79EFBC}") = "Unity.Mathematics.Editor", "Unity.Mathematics.Editor.csproj", "{6DF2EEB4-939B-4B2B-83E5-2B0FA8B4FA43}"
EndProject
Project("{FAE04EC0-301F-11D3-BF4B-00C04F79EFBC}") = "Unity.TestTools.CodeCoverage.Editor.OpenCover.Mono.Reflection", "Unity.TestTools.CodeCoverage.Editor.OpenCover.Mono.Reflection.csproj", "{CCF9A4D3-43D6-9A4F-EB5C-6C0EE85D49D1}"
EndProject
Project("{FAE04EC0-301F-11D3-BF4B-00C04F79EFBC}") = "FMODUnityResonanceEditor", "FMODUnityResonanceEditor.csproj", "{9F61DB18-E142-5A3A-C0CC-AE24E9EDA080}"
EndProject
Project("{FAE04EC0-301F-11D3-BF4B-00C04F79EFBC}") = "Unity.EditorCoroutines.Editor", "Unity.EditorCoroutines.Editor.csproj", "{0E389A0F-1DC3-A409-80AE-1CA293FBB94A}"
EndProject
Project("{FAE04EC0-301F-11D3-BF4B-00C04F79EFBC}") = "Unity.VisualScripting.Shared.Editor", "Unity.VisualScripting.Shared.Editor.csproj", "{BFB163A1-476E-717A-561D-0D1D1452ACF9}"
EndProject
Project("{FAE04EC0-301F-11D3-BF4B-00C04F79EFBC}") = "Assembly-CSharp-Editor", "Assembly-CSharp-Editor.csproj", "{4838EFA6-A93E-C424-037C-403845D76A91}"
EndProject
Global
	GlobalSection(SolutionConfigurationPlatforms) = preSolution
		Debug|Any CPU = Debug|Any CPU
		Release|Any CPU = Release|Any CPU
	EndGlobalSection
	GlobalSection(ProjectConfigurationPlatforms) = postSolution
		{91B3ED75-3D90-194A-AF7E-F01BE2BC1F39}.Debug|Any CPU.ActiveCfg = Debug|Any CPU
		{91B3ED75-3D90-194A-AF7E-F01BE2BC1F39}.Debug|Any CPU.Build.0 = Debug|Any CPU
		{91B3ED75-3D90-194A-AF7E-F01BE2BC1F39}.Release|Any CPU.ActiveCfg = Release|Any CPU
		{91B3ED75-3D90-194A-AF7E-F01BE2BC1F39}.Release|Any CPU.Build.0 = Release|Any CPU
		{E718EC02-194C-2425-BFDF-AC15CA667A1E}.Debug|Any CPU.ActiveCfg = Debug|Any CPU
		{E718EC02-194C-2425-BFDF-AC15CA667A1E}.Debug|Any CPU.Build.0 = Debug|Any CPU
		{E718EC02-194C-2425-BFDF-AC15CA667A1E}.Release|Any CPU.ActiveCfg = Release|Any CPU
		{E718EC02-194C-2425-BFDF-AC15CA667A1E}.Release|Any CPU.Build.0 = Release|Any CPU
		{91632A56-4F62-48BD-782C-A139C6EFE533}.Debug|Any CPU.ActiveCfg = Debug|Any CPU
		{91632A56-4F62-48BD-782C-A139C6EFE533}.Debug|Any CPU.Build.0 = Debug|Any CPU
		{91632A56-4F62-48BD-782C-A139C6EFE533}.Release|Any CPU.ActiveCfg = Release|Any CPU
		{91632A56-4F62-48BD-782C-A139C6EFE533}.Release|Any CPU.Build.0 = Release|Any CPU
		{004A7422-0CA5-6797-FFF1-E4AB4A42517C}.Debug|Any CPU.ActiveCfg = Debug|Any CPU
		{004A7422-0CA5-6797-FFF1-E4AB4A42517C}.Debug|Any CPU.Build.0 = Debug|Any CPU
		{004A7422-0CA5-6797-FFF1-E4AB4A42517C}.Release|Any CPU.ActiveCfg = Release|Any CPU
		{004A7422-0CA5-6797-FFF1-E4AB4A42517C}.Release|Any CPU.Build.0 = Release|Any CPU
		{D1CE4BAC-2DFD-43B1-42F0-E1ED8F112DE5}.Debug|Any CPU.ActiveCfg = Debug|Any CPU
		{D1CE4BAC-2DFD-43B1-42F0-E1ED8F112DE5}.Debug|Any CPU.Build.0 = Debug|Any CPU
		{D1CE4BAC-2DFD-43B1-42F0-E1ED8F112DE5}.Release|Any CPU.ActiveCfg = Release|Any CPU
		{D1CE4BAC-2DFD-43B1-42F0-E1ED8F112DE5}.Release|Any CPU.Build.0 = Release|Any CPU
		{B4E94241-8226-6623-CCB1-1E2D2074015E}.Debug|Any CPU.ActiveCfg = Debug|Any CPU
		{B4E94241-8226-6623-CCB1-1E2D2074015E}.Debug|Any CPU.Build.0 = Debug|Any CPU
		{B4E94241-8226-6623-CCB1-1E2D2074015E}.Release|Any CPU.ActiveCfg = Release|Any CPU
		{B4E94241-8226-6623-CCB1-1E2D2074015E}.Release|Any CPU.Build.0 = Release|Any CPU
		{29D635E7-89D9-7FD8-5534-5798042938A6}.Debug|Any CPU.ActiveCfg = Debug|Any CPU
		{29D635E7-89D9-7FD8-5534-5798042938A6}.Debug|Any CPU.Build.0 = Debug|Any CPU
		{29D635E7-89D9-7FD8-5534-5798042938A6}.Release|Any CPU.ActiveCfg = Release|Any CPU
		{29D635E7-89D9-7FD8-5534-5798042938A6}.Release|Any CPU.Build.0 = Release|Any CPU
		{F56F84D3-B406-8EE2-BD17-434C932D8D39}.Debug|Any CPU.ActiveCfg = Debug|Any CPU
		{F56F84D3-B406-8EE2-BD17-434C932D8D39}.Debug|Any CPU.Build.0 = Debug|Any CPU
		{F56F84D3-B406-8EE2-BD17-434C932D8D39}.Release|Any CPU.ActiveCfg = Release|Any CPU
		{F56F84D3-B406-8EE2-BD17-434C932D8D39}.Release|Any CPU.Build.0 = Release|Any CPU
		{5CF15C92-265E-A523-B4CE-A0A3BBC88B1F}.Debug|Any CPU.ActiveCfg = Debug|Any CPU
		{5CF15C92-265E-A523-B4CE-A0A3BBC88B1F}.Debug|Any CPU.Build.0 = Debug|Any CPU
		{5CF15C92-265E-A523-B4CE-A0A3BBC88B1F}.Release|Any CPU.ActiveCfg = Release|Any CPU
		{5CF15C92-265E-A523-B4CE-A0A3BBC88B1F}.Release|Any CPU.Build.0 = Release|Any CPU
		{4796588C-6B5D-73A4-291C-CE16ECD162E8}.Debug|Any CPU.ActiveCfg = Debug|Any CPU
		{4796588C-6B5D-73A4-291C-CE16ECD162E8}.Debug|Any CPU.Build.0 = Debug|Any CPU
		{4796588C-6B5D-73A4-291C-CE16ECD162E8}.Release|Any CPU.ActiveCfg = Release|Any CPU
		{4796588C-6B5D-73A4-291C-CE16ECD162E8}.Release|Any CPU.Build.0 = Release|Any CPU
		{3E652318-28F5-80A8-E233-8BAE849E2F61}.Debug|Any CPU.ActiveCfg = Debug|Any CPU
		{3E652318-28F5-80A8-E233-8BAE849E2F61}.Debug|Any CPU.Build.0 = Debug|Any CPU
		{3E652318-28F5-80A8-E233-8BAE849E2F61}.Release|Any CPU.ActiveCfg = Release|Any CPU
		{3E652318-28F5-80A8-E233-8BAE849E2F61}.Release|Any CPU.Build.0 = Release|Any CPU
		{D4532547-400E-9B4C-556E-DBFFC1F84BC7}.Debug|Any CPU.ActiveCfg = Debug|Any CPU
		{D4532547-400E-9B4C-556E-DBFFC1F84BC7}.Debug|Any CPU.Build.0 = Debug|Any CPU
		{D4532547-400E-9B4C-556E-DBFFC1F84BC7}.Release|Any CPU.ActiveCfg = Release|Any CPU
		{D4532547-400E-9B4C-556E-DBFFC1F84BC7}.Release|Any CPU.Build.0 = Release|Any CPU
		{D7360340-8328-ED4E-01E3-453E2124B38E}.Debug|Any CPU.ActiveCfg = Debug|Any CPU
		{D7360340-8328-ED4E-01E3-453E2124B38E}.Debug|Any CPU.Build.0 = Debug|Any CPU
		{D7360340-8328-ED4E-01E3-453E2124B38E}.Release|Any CPU.ActiveCfg = Release|Any CPU
		{D7360340-8328-ED4E-01E3-453E2124B38E}.Release|Any CPU.Build.0 = Release|Any CPU
		{B06622E5-826A-B683-9B77-8ACFF3EF500D}.Debug|Any CPU.ActiveCfg = Debug|Any CPU
		{B06622E5-826A-B683-9B77-8ACFF3EF500D}.Debug|Any CPU.Build.0 = Debug|Any CPU
		{B06622E5-826A-B683-9B77-8ACFF3EF500D}.Release|Any CPU.ActiveCfg = Release|Any CPU
		{B06622E5-826A-B683-9B77-8ACFF3EF500D}.Release|Any CPU.Build.0 = Release|Any CPU
		{BC071133-3854-221C-ED20-58E4EC0E5D88}.Debug|Any CPU.ActiveCfg = Debug|Any CPU
		{BC071133-3854-221C-ED20-58E4EC0E5D88}.Debug|Any CPU.Build.0 = Debug|Any CPU
		{BC071133-3854-221C-ED20-58E4EC0E5D88}.Release|Any CPU.ActiveCfg = Release|Any CPU
		{BC071133-3854-221C-ED20-58E4EC0E5D88}.Release|Any CPU.Build.0 = Release|Any CPU
		{335F1C68-C610-DBF7-32DF-DE8ABC313ABD}.Debug|Any CPU.ActiveCfg = Debug|Any CPU
		{335F1C68-C610-DBF7-32DF-DE8ABC313ABD}.Debug|Any CPU.Build.0 = Debug|Any CPU
		{335F1C68-C610-DBF7-32DF-DE8ABC313ABD}.Release|Any CPU.ActiveCfg = Release|Any CPU
		{335F1C68-C610-DBF7-32DF-DE8ABC313ABD}.Release|Any CPU.Build.0 = Release|Any CPU
		{53DB06D8-9974-D2A3-C630-2E6082C9AED3}.Debug|Any CPU.ActiveCfg = Debug|Any CPU
		{53DB06D8-9974-D2A3-C630-2E6082C9AED3}.Debug|Any CPU.Build.0 = Debug|Any CPU
		{53DB06D8-9974-D2A3-C630-2E6082C9AED3}.Release|Any CPU.ActiveCfg = Release|Any CPU
		{53DB06D8-9974-D2A3-C630-2E6082C9AED3}.Release|Any CPU.Build.0 = Release|Any CPU
		{B29626FE-210D-BF07-2F3E-39F5DF7F709C}.Debug|Any CPU.ActiveCfg = Debug|Any CPU
		{B29626FE-210D-BF07-2F3E-39F5DF7F709C}.Debug|Any CPU.Build.0 = Debug|Any CPU
		{B29626FE-210D-BF07-2F3E-39F5DF7F709C}.Release|Any CPU.ActiveCfg = Release|Any CPU
		{B29626FE-210D-BF07-2F3E-39F5DF7F709C}.Release|Any CPU.Build.0 = Release|Any CPU
		{6916DF73-67FB-D954-215A-3D8D8B4FABAA}.Debug|Any CPU.ActiveCfg = Debug|Any CPU
		{6916DF73-67FB-D954-215A-3D8D8B4FABAA}.Debug|Any CPU.Build.0 = Debug|Any CPU
		{6916DF73-67FB-D954-215A-3D8D8B4FABAA}.Release|Any CPU.ActiveCfg = Release|Any CPU
		{6916DF73-67FB-D954-215A-3D8D8B4FABAA}.Release|Any CPU.Build.0 = Release|Any CPU
		{77ED98DE-88F7-3871-919C-AD822EC2032F}.Debug|Any CPU.ActiveCfg = Debug|Any CPU
		{77ED98DE-88F7-3871-919C-AD822EC2032F}.Debug|Any CPU.Build.0 = Debug|Any CPU
		{77ED98DE-88F7-3871-919C-AD822EC2032F}.Release|Any CPU.ActiveCfg = Release|Any CPU
		{77ED98DE-88F7-3871-919C-AD822EC2032F}.Release|Any CPU.Build.0 = Release|Any CPU
		{395B212D-8613-DC8F-94FC-509395120591}.Debug|Any CPU.ActiveCfg = Debug|Any CPU
		{395B212D-8613-DC8F-94FC-509395120591}.Debug|Any CPU.Build.0 = Debug|Any CPU
		{395B212D-8613-DC8F-94FC-509395120591}.Release|Any CPU.ActiveCfg = Release|Any CPU
		{395B212D-8613-DC8F-94FC-509395120591}.Release|Any CPU.Build.0 = Release|Any CPU
		{17CFBEBA-8917-7878-C18B-19F60DC113F0}.Debug|Any CPU.ActiveCfg = Debug|Any CPU
		{17CFBEBA-8917-7878-C18B-19F60DC113F0}.Debug|Any CPU.Build.0 = Debug|Any CPU
		{17CFBEBA-8917-7878-C18B-19F60DC113F0}.Release|Any CPU.ActiveCfg = Release|Any CPU
		{17CFBEBA-8917-7878-C18B-19F60DC113F0}.Release|Any CPU.Build.0 = Release|Any CPU
		{A2F11120-2F4F-5EB2-330D-75C6E0AA2D20}.Debug|Any CPU.ActiveCfg = Debug|Any CPU
		{A2F11120-2F4F-5EB2-330D-75C6E0AA2D20}.Debug|Any CPU.Build.0 = Debug|Any CPU
		{A2F11120-2F4F-5EB2-330D-75C6E0AA2D20}.Release|Any CPU.ActiveCfg = Release|Any CPU
		{A2F11120-2F4F-5EB2-330D-75C6E0AA2D20}.Release|Any CPU.Build.0 = Release|Any CPU
		{8840C411-BC1E-9498-E3E3-5B33933745C4}.Debug|Any CPU.ActiveCfg = Debug|Any CPU
		{8840C411-BC1E-9498-E3E3-5B33933745C4}.Debug|Any CPU.Build.0 = Debug|Any CPU
		{8840C411-BC1E-9498-E3E3-5B33933745C4}.Release|Any CPU.ActiveCfg = Release|Any CPU
		{8840C411-BC1E-9498-E3E3-5B33933745C4}.Release|Any CPU.Build.0 = Release|Any CPU
		{78C8F173-5707-4D45-A7BF-4EA437EA4EAC}.Debug|Any CPU.ActiveCfg = Debug|Any CPU
		{78C8F173-5707-4D45-A7BF-4EA437EA4EAC}.Debug|Any CPU.Build.0 = Debug|Any CPU
		{78C8F173-5707-4D45-A7BF-4EA437EA4EAC}.Release|Any CPU.ActiveCfg = Release|Any CPU
		{78C8F173-5707-4D45-A7BF-4EA437EA4EAC}.Release|Any CPU.Build.0 = Release|Any CPU
		{5F8A83CC-2CF2-BEA2-A41A-7ED0FAAACE2B}.Debug|Any CPU.ActiveCfg = Debug|Any CPU
		{5F8A83CC-2CF2-BEA2-A41A-7ED0FAAACE2B}.Debug|Any CPU.Build.0 = Debug|Any CPU
		{5F8A83CC-2CF2-BEA2-A41A-7ED0FAAACE2B}.Release|Any CPU.ActiveCfg = Release|Any CPU
		{5F8A83CC-2CF2-BEA2-A41A-7ED0FAAACE2B}.Release|Any CPU.Build.0 = Release|Any CPU
		{54912B03-CBD3-6B3F-9CA7-9EAA082DCCAA}.Debug|Any CPU.ActiveCfg = Debug|Any CPU
		{54912B03-CBD3-6B3F-9CA7-9EAA082DCCAA}.Debug|Any CPU.Build.0 = Debug|Any CPU
		{54912B03-CBD3-6B3F-9CA7-9EAA082DCCAA}.Release|Any CPU.ActiveCfg = Release|Any CPU
		{54912B03-CBD3-6B3F-9CA7-9EAA082DCCAA}.Release|Any CPU.Build.0 = Release|Any CPU
		{C8C7595E-050D-6595-7F55-3673441B4571}.Debug|Any CPU.ActiveCfg = Debug|Any CPU
		{C8C7595E-050D-6595-7F55-3673441B4571}.Debug|Any CPU.Build.0 = Debug|Any CPU
		{C8C7595E-050D-6595-7F55-3673441B4571}.Release|Any CPU.ActiveCfg = Release|Any CPU
		{C8C7595E-050D-6595-7F55-3673441B4571}.Release|Any CPU.Build.0 = Release|Any CPU
		{D4A33FF6-3800-D713-61BC-C3C4DA0B7A98}.Debug|Any CPU.ActiveCfg = Debug|Any CPU
		{D4A33FF6-3800-D713-61BC-C3C4DA0B7A98}.Debug|Any CPU.Build.0 = Debug|Any CPU
		{D4A33FF6-3800-D713-61BC-C3C4DA0B7A98}.Release|Any CPU.ActiveCfg = Release|Any CPU
		{D4A33FF6-3800-D713-61BC-C3C4DA0B7A98}.Release|Any CPU.Build.0 = Release|Any CPU
		{901696EF-43FD-8D79-015D-9151B645C491}.Debug|Any CPU.ActiveCfg = Debug|Any CPU
		{901696EF-43FD-8D79-015D-9151B645C491}.Debug|Any CPU.Build.0 = Debug|Any CPU
		{901696EF-43FD-8D79-015D-9151B645C491}.Release|Any CPU.ActiveCfg = Release|Any CPU
		{901696EF-43FD-8D79-015D-9151B645C491}.Release|Any CPU.Build.0 = Release|Any CPU
		{7EF632A9-3537-0760-CD86-B4B85E3C0F3E}.Debug|Any CPU.ActiveCfg = Debug|Any CPU
		{7EF632A9-3537-0760-CD86-B4B85E3C0F3E}.Debug|Any CPU.Build.0 = Debug|Any CPU
		{7EF632A9-3537-0760-CD86-B4B85E3C0F3E}.Release|Any CPU.ActiveCfg = Release|Any CPU
		{7EF632A9-3537-0760-CD86-B4B85E3C0F3E}.Release|Any CPU.Build.0 = Release|Any CPU
		{58A1FC34-2090-435F-4FD6-4B94034F3D0E}.Debug|Any CPU.ActiveCfg = Debug|Any CPU
		{58A1FC34-2090-435F-4FD6-4B94034F3D0E}.Debug|Any CPU.Build.0 = Debug|Any CPU
		{58A1FC34-2090-435F-4FD6-4B94034F3D0E}.Release|Any CPU.ActiveCfg = Release|Any CPU
		{58A1FC34-2090-435F-4FD6-4B94034F3D0E}.Release|Any CPU.Build.0 = Release|Any CPU
		{A9B08A92-0C9F-B771-B27A-6C8EF955B1A7}.Debug|Any CPU.ActiveCfg = Debug|Any CPU
		{A9B08A92-0C9F-B771-B27A-6C8EF955B1A7}.Debug|Any CPU.Build.0 = Debug|Any CPU
		{A9B08A92-0C9F-B771-B27A-6C8EF955B1A7}.Release|Any CPU.ActiveCfg = Release|Any CPU
		{A9B08A92-0C9F-B771-B27A-6C8EF955B1A7}.Release|Any CPU.Build.0 = Release|Any CPU
		{0F03862A-378A-7E34-4ECB-ABA60CE513A3}.Debug|Any CPU.ActiveCfg = Debug|Any CPU
		{0F03862A-378A-7E34-4ECB-ABA60CE513A3}.Debug|Any CPU.Build.0 = Debug|Any CPU
		{0F03862A-378A-7E34-4ECB-ABA60CE513A3}.Release|Any CPU.ActiveCfg = Release|Any CPU
		{0F03862A-378A-7E34-4ECB-ABA60CE513A3}.Release|Any CPU.Build.0 = Release|Any CPU
		{6BF4D660-1128-3539-A9A6-EF1E90A52B23}.Debug|Any CPU.ActiveCfg = Debug|Any CPU
		{6BF4D660-1128-3539-A9A6-EF1E90A52B23}.Debug|Any CPU.Build.0 = Debug|Any CPU
		{6BF4D660-1128-3539-A9A6-EF1E90A52B23}.Release|Any CPU.ActiveCfg = Release|Any CPU
		{6BF4D660-1128-3539-A9A6-EF1E90A52B23}.Release|Any CPU.Build.0 = Release|Any CPU
		{613C1FF7-755A-D7B1-458C-64081CE83785}.Debug|Any CPU.ActiveCfg = Debug|Any CPU
		{613C1FF7-755A-D7B1-458C-64081CE83785}.Debug|Any CPU.Build.0 = Debug|Any CPU
		{613C1FF7-755A-D7B1-458C-64081CE83785}.Release|Any CPU.ActiveCfg = Release|Any CPU
		{613C1FF7-755A-D7B1-458C-64081CE83785}.Release|Any CPU.Build.0 = Release|Any CPU
		{1F0DE035-36DE-E0D5-3B5D-3FFA4E0A643C}.Debug|Any CPU.ActiveCfg = Debug|Any CPU
		{1F0DE035-36DE-E0D5-3B5D-3FFA4E0A643C}.Debug|Any CPU.Build.0 = Debug|Any CPU
		{1F0DE035-36DE-E0D5-3B5D-3FFA4E0A643C}.Release|Any CPU.ActiveCfg = Release|Any CPU
		{1F0DE035-36DE-E0D5-3B5D-3FFA4E0A643C}.Release|Any CPU.Build.0 = Release|Any CPU
		{3E614125-3FB2-3518-07D3-12E52C27515B}.Debug|Any CPU.ActiveCfg = Debug|Any CPU
		{3E614125-3FB2-3518-07D3-12E52C27515B}.Debug|Any CPU.Build.0 = Debug|Any CPU
		{3E614125-3FB2-3518-07D3-12E52C27515B}.Release|Any CPU.ActiveCfg = Release|Any CPU
		{3E614125-3FB2-3518-07D3-12E52C27515B}.Release|Any CPU.Build.0 = Release|Any CPU
		{21EDAB30-02C9-7DC6-8B4C-F62BF986D2D9}.Debug|Any CPU.ActiveCfg = Debug|Any CPU
		{21EDAB30-02C9-7DC6-8B4C-F62BF986D2D9}.Debug|Any CPU.Build.0 = Debug|Any CPU
		{21EDAB30-02C9-7DC6-8B4C-F62BF986D2D9}.Release|Any CPU.ActiveCfg = Release|Any CPU
		{21EDAB30-02C9-7DC6-8B4C-F62BF986D2D9}.Release|Any CPU.Build.0 = Release|Any CPU
		{23FBB708-8C3C-6299-ADDD-2E1C02E44A53}.Debug|Any CPU.ActiveCfg = Debug|Any CPU
		{23FBB708-8C3C-6299-ADDD-2E1C02E44A53}.Debug|Any CPU.Build.0 = Debug|Any CPU
		{23FBB708-8C3C-6299-ADDD-2E1C02E44A53}.Release|Any CPU.ActiveCfg = Release|Any CPU
		{23FBB708-8C3C-6299-ADDD-2E1C02E44A53}.Release|Any CPU.Build.0 = Release|Any CPU
		{AA95F469-5D14-3484-2903-5FC88B857274}.Debug|Any CPU.ActiveCfg = Debug|Any CPU
		{AA95F469-5D14-3484-2903-5FC88B857274}.Debug|Any CPU.Build.0 = Debug|Any CPU
		{AA95F469-5D14-3484-2903-5FC88B857274}.Release|Any CPU.ActiveCfg = Release|Any CPU
		{AA95F469-5D14-3484-2903-5FC88B857274}.Release|Any CPU.Build.0 = Release|Any CPU
		{DA863C71-428E-4DA5-F40E-EF4463E1DFBD}.Debug|Any CPU.ActiveCfg = Debug|Any CPU
		{DA863C71-428E-4DA5-F40E-EF4463E1DFBD}.Debug|Any CPU.Build.0 = Debug|Any CPU
		{DA863C71-428E-4DA5-F40E-EF4463E1DFBD}.Release|Any CPU.ActiveCfg = Release|Any CPU
		{DA863C71-428E-4DA5-F40E-EF4463E1DFBD}.Release|Any CPU.Build.0 = Release|Any CPU
		{E5EF008E-F653-9804-4C91-F4FB23CF2091}.Debug|Any CPU.ActiveCfg = Debug|Any CPU
		{E5EF008E-F653-9804-4C91-F4FB23CF2091}.Debug|Any CPU.Build.0 = Debug|Any CPU
		{E5EF008E-F653-9804-4C91-F4FB23CF2091}.Release|Any CPU.ActiveCfg = Release|Any CPU
		{E5EF008E-F653-9804-4C91-F4FB23CF2091}.Release|Any CPU.Build.0 = Release|Any CPU
		{D7D605B5-E7B6-ED8B-E6D6-3CCDB409BB45}.Debug|Any CPU.ActiveCfg = Debug|Any CPU
		{D7D605B5-E7B6-ED8B-E6D6-3CCDB409BB45}.Debug|Any CPU.Build.0 = Debug|Any CPU
		{D7D605B5-E7B6-ED8B-E6D6-3CCDB409BB45}.Release|Any CPU.ActiveCfg = Release|Any CPU
		{D7D605B5-E7B6-ED8B-E6D6-3CCDB409BB45}.Release|Any CPU.Build.0 = Release|Any CPU
		{B474134E-87D5-16E7-ADA7-58AA8F3BE355}.Debug|Any CPU.ActiveCfg = Debug|Any CPU
		{B474134E-87D5-16E7-ADA7-58AA8F3BE355}.Debug|Any CPU.Build.0 = Debug|Any CPU
		{B474134E-87D5-16E7-ADA7-58AA8F3BE355}.Release|Any CPU.ActiveCfg = Release|Any CPU
		{B474134E-87D5-16E7-ADA7-58AA8F3BE355}.Release|Any CPU.Build.0 = Release|Any CPU
		{78CAAA61-88C3-B605-E77E-1EA3903E9905}.Debug|Any CPU.ActiveCfg = Debug|Any CPU
		{78CAAA61-88C3-B605-E77E-1EA3903E9905}.Debug|Any CPU.Build.0 = Debug|Any CPU
		{78CAAA61-88C3-B605-E77E-1EA3903E9905}.Release|Any CPU.ActiveCfg = Release|Any CPU
		{78CAAA61-88C3-B605-E77E-1EA3903E9905}.Release|Any CPU.Build.0 = Release|Any CPU
		{63C43C80-8E8B-E71E-CC08-674CAAC8619E}.Debug|Any CPU.ActiveCfg = Debug|Any CPU
		{63C43C80-8E8B-E71E-CC08-674CAAC8619E}.Debug|Any CPU.Build.0 = Debug|Any CPU
		{63C43C80-8E8B-E71E-CC08-674CAAC8619E}.Release|Any CPU.ActiveCfg = Release|Any CPU
		{63C43C80-8E8B-E71E-CC08-674CAAC8619E}.Release|Any CPU.Build.0 = Release|Any CPU
		{B815FBC6-750D-91C0-7FE0-2D31679C1A91}.Debug|Any CPU.ActiveCfg = Debug|Any CPU
		{B815FBC6-750D-91C0-7FE0-2D31679C1A91}.Debug|Any CPU.Build.0 = Debug|Any CPU
		{B815FBC6-750D-91C0-7FE0-2D31679C1A91}.Release|Any CPU.ActiveCfg = Release|Any CPU
		{B815FBC6-750D-91C0-7FE0-2D31679C1A91}.Release|Any CPU.Build.0 = Release|Any CPU
		{E9335458-CB59-1635-7E68-3E56F30CA8C0}.Debug|Any CPU.ActiveCfg = Debug|Any CPU
		{E9335458-CB59-1635-7E68-3E56F30CA8C0}.Debug|Any CPU.Build.0 = Debug|Any CPU
		{E9335458-CB59-1635-7E68-3E56F30CA8C0}.Release|Any CPU.ActiveCfg = Release|Any CPU
		{E9335458-CB59-1635-7E68-3E56F30CA8C0}.Release|Any CPU.Build.0 = Release|Any CPU
		{2A9112C3-D7A0-00B1-123D-B4CDA49D36CB}.Debug|Any CPU.ActiveCfg = Debug|Any CPU
		{2A9112C3-D7A0-00B1-123D-B4CDA49D36CB}.Debug|Any CPU.Build.0 = Debug|Any CPU
		{2A9112C3-D7A0-00B1-123D-B4CDA49D36CB}.Release|Any CPU.ActiveCfg = Release|Any CPU
		{2A9112C3-D7A0-00B1-123D-B4CDA49D36CB}.Release|Any CPU.Build.0 = Release|Any CPU
		{D85403C2-B550-50E3-3156-4670105B2265}.Debug|Any CPU.ActiveCfg = Debug|Any CPU
		{D85403C2-B550-50E3-3156-4670105B2265}.Debug|Any CPU.Build.0 = Debug|Any CPU
		{D85403C2-B550-50E3-3156-4670105B2265}.Release|Any CPU.ActiveCfg = Release|Any CPU
		{D85403C2-B550-50E3-3156-4670105B2265}.Release|Any CPU.Build.0 = Release|Any CPU
		{6DF2EEB4-939B-4B2B-83E5-2B0FA8B4FA43}.Debug|Any CPU.ActiveCfg = Debug|Any CPU
		{6DF2EEB4-939B-4B2B-83E5-2B0FA8B4FA43}.Debug|Any CPU.Build.0 = Debug|Any CPU
		{6DF2EEB4-939B-4B2B-83E5-2B0FA8B4FA43}.Release|Any CPU.ActiveCfg = Release|Any CPU
		{6DF2EEB4-939B-4B2B-83E5-2B0FA8B4FA43}.Release|Any CPU.Build.0 = Release|Any CPU
		{CCF9A4D3-43D6-9A4F-EB5C-6C0EE85D49D1}.Debug|Any CPU.ActiveCfg = Debug|Any CPU
		{CCF9A4D3-43D6-9A4F-EB5C-6C0EE85D49D1}.Debug|Any CPU.Build.0 = Debug|Any CPU
		{CCF9A4D3-43D6-9A4F-EB5C-6C0EE85D49D1}.Release|Any CPU.ActiveCfg = Release|Any CPU
		{CCF9A4D3-43D6-9A4F-EB5C-6C0EE85D49D1}.Release|Any CPU.Build.0 = Release|Any CPU
		{9F61DB18-E142-5A3A-C0CC-AE24E9EDA080}.Debug|Any CPU.ActiveCfg = Debug|Any CPU
		{9F61DB18-E142-5A3A-C0CC-AE24E9EDA080}.Debug|Any CPU.Build.0 = Debug|Any CPU
		{9F61DB18-E142-5A3A-C0CC-AE24E9EDA080}.Release|Any CPU.ActiveCfg = Release|Any CPU
		{9F61DB18-E142-5A3A-C0CC-AE24E9EDA080}.Release|Any CPU.Build.0 = Release|Any CPU
		{0E389A0F-1DC3-A409-80AE-1CA293FBB94A}.Debug|Any CPU.ActiveCfg = Debug|Any CPU
		{0E389A0F-1DC3-A409-80AE-1CA293FBB94A}.Debug|Any CPU.Build.0 = Debug|Any CPU
		{0E389A0F-1DC3-A409-80AE-1CA293FBB94A}.Release|Any CPU.ActiveCfg = Release|Any CPU
		{0E389A0F-1DC3-A409-80AE-1CA293FBB94A}.Release|Any CPU.Build.0 = Release|Any CPU
		{BFB163A1-476E-717A-561D-0D1D1452ACF9}.Debug|Any CPU.ActiveCfg = Debug|Any CPU
		{BFB163A1-476E-717A-561D-0D1D1452ACF9}.Debug|Any CPU.Build.0 = Debug|Any CPU
		{BFB163A1-476E-717A-561D-0D1D1452ACF9}.Release|Any CPU.ActiveCfg = Release|Any CPU
		{BFB163A1-476E-717A-561D-0D1D1452ACF9}.Release|Any CPU.Build.0 = Release|Any CPU
		{4838EFA6-A93E-C424-037C-403845D76A91}.Debug|Any CPU.ActiveCfg = Debug|Any CPU
		{4838EFA6-A93E-C424-037C-403845D76A91}.Debug|Any CPU.Build.0 = Debug|Any CPU
		{4838EFA6-A93E-C424-037C-403845D76A91}.Release|Any CPU.ActiveCfg = Release|Any CPU
		{4838EFA6-A93E-C424-037C-403845D76A91}.Release|Any CPU.Build.0 = Release|Any CPU
	EndGlobalSection
	GlobalSection(SolutionProperties) = preSolution
		HideSolutionNode = FALSE
	EndGlobalSection
EndGlobal
