
Microsoft Visual Studio Solution File, Format Version 12.00
# Visual Studio Version 16
VisualStudioVersion = 16.0.32126.315
MinimumVisualStudioVersion = 10.0.40219.1
Project("{FAE04EC0-301F-11D3-BF4B-00C04F79EFBC}") = "FMODUnity", "FMODUnity.csproj", "{925CF15C-5E26-23A5-B4CE-A0A3BBC88B1F}"
EndProject
Project("{FAE04EC0-301F-11D3-BF4B-00C04F79EFBC}") = "Assembly-CSharp-firstpass", "Assembly-CSharp-firstpass.csproj", "{3E6DAF8E-C4CB-8747-F859-0EBFAD58C092}"
EndProject
Project("{FAE04EC0-301F-11D3-BF4B-00C04F79EFBC}") = "FMODUnityResonance", "FMODUnityResonance.csproj", "{032B9154-D3CB-3F6B-9CA7-9EAA082DCCAA}"
EndProject
Project("{FAE04EC0-301F-11D3-BF4B-00C04F79EFBC}") = "Assembly-CSharp", "Assembly-CSharp.csproj", "{6B9BF6D2-D253-8F12-B511-A5A8E31DD7E2}"
EndProject
Project("{FAE04EC0-301F-11D3-BF4B-00C04F79EFBC}") = "FMODUnityEditor", "FMODUnityEditor.csproj", "{61AACA78-C388-05B6-E77E-1EA3903E9905}"
EndProject
Project("{FAE04EC0-301F-11D3-BF4B-00C04F79EFBC}") = "FMODUnityResonanceEditor", "FMODUnityResonanceEditor.csproj", "{18DB619F-42E1-3A5A-C0CC-AE24E9EDA080}"
EndProject
Global
	GlobalSection(SolutionConfigurationPlatforms) = preSolution
		Debug|Any CPU = Debug|Any CPU
		Release|Any CPU = Release|Any CPU
	EndGlobalSection
	GlobalSection(ProjectConfigurationPlatforms) = postSolution
		{925CF15C-5E26-23A5-B4CE-A0A3BBC88B1F}.Debug|Any CPU.ActiveCfg = Debug|Any CPU
		{925CF15C-5E26-23A5-B4CE-A0A3BBC88B1F}.Debug|Any CPU.Build.0 = Debug|Any CPU
		{925CF15C-5E26-23A5-B4CE-A0A3BBC88B1F}.Release|Any CPU.ActiveCfg = Release|Any CPU
		{925CF15C-5E26-23A5-B4CE-A0A3BBC88B1F}.Release|Any CPU.Build.0 = Release|Any CPU
		{3E6DAF8E-C4CB-8747-F859-0EBFAD58C092}.Debug|Any CPU.ActiveCfg = Debug|Any CPU
		{3E6DAF8E-C4CB-8747-F859-0EBFAD58C092}.Debug|Any CPU.Build.0 = Debug|Any CPU
		{3E6DAF8E-C4CB-8747-F859-0EBFAD58C092}.Release|Any CPU.ActiveCfg = Release|Any CPU
		{3E6DAF8E-C4CB-8747-F859-0EBFAD58C092}.Release|Any CPU.Build.0 = Release|Any CPU
		{032B9154-D3CB-3F6B-9CA7-9EAA082DCCAA}.Debug|Any CPU.ActiveCfg = Debug|Any CPU
		{032B9154-D3CB-3F6B-9CA7-9EAA082DCCAA}.Debug|Any CPU.Build.0 = Debug|Any CPU
		{032B9154-D3CB-3F6B-9CA7-9EAA082DCCAA}.Release|Any CPU.ActiveCfg = Release|Any CPU
		{032B9154-D3CB-3F6B-9CA7-9EAA082DCCAA}.Release|Any CPU.Build.0 = Release|Any CPU
		{6B9BF6D2-D253-8F12-B511-A5A8E31DD7E2}.Debug|Any CPU.ActiveCfg = Debug|Any CPU
		{6B9BF6D2-D253-8F12-B511-A5A8E31DD7E2}.Debug|Any CPU.Build.0 = Debug|Any CPU
		{6B9BF6D2-D253-8F12-B511-A5A8E31DD7E2}.Release|Any CPU.ActiveCfg = Release|Any CPU
		{6B9BF6D2-D253-8F12-B511-A5A8E31DD7E2}.Release|Any CPU.Build.0 = Release|Any CPU
		{61AACA78-C388-05B6-E77E-1EA3903E9905}.Debug|Any CPU.ActiveCfg = Debug|Any CPU
		{61AACA78-C388-05B6-E77E-1EA3903E9905}.Debug|Any CPU.Build.0 = Debug|Any CPU
		{61AACA78-C388-05B6-E77E-1EA3903E9905}.Release|Any CPU.ActiveCfg = Release|Any CPU
		{61AACA78-C388-05B6-E77E-1EA3903E9905}.Release|Any CPU.Build.0 = Release|Any CPU
		{18DB619F-42E1-3A5A-C0CC-AE24E9EDA080}.Debug|Any CPU.ActiveCfg = Debug|Any CPU
		{18DB619F-42E1-3A5A-C0CC-AE24E9EDA080}.Debug|Any CPU.Build.0 = Debug|Any CPU
		{18DB619F-42E1-3A5A-C0CC-AE24E9EDA080}.Release|Any CPU.ActiveCfg = Release|Any CPU
		{18DB619F-42E1-3A5A-C0CC-AE24E9EDA080}.Release|Any CPU.Build.0 = Release|Any CPU
	EndGlobalSection
	GlobalSection(SolutionProperties) = preSolution
		HideSolutionNode = FALSE
	EndGlobalSection
	GlobalSection(ExtensibilityGlobals) = postSolution
		SolutionGuid = {8732880E-8D69-4066-82CA-237680535FCF}
	EndGlobalSection
EndGlobal
